
Microsoft Visual Studio Solution File, Format Version 12.00
# Visual Studio Version 17
VisualStudioVersion = 17.4.33205.214
MinimumVisualStudioVersion = 10.0.40219.1
Project("{FAE04EC0-301F-11D3-BF4B-00C04F79EFBC}") = "Unfunny", "Unfunny\Unfunny.csproj", "{F087BB7E-7782-48C0-9014-F39FB87690D0}"
EndProject
Global
	GlobalSection(SolutionConfigurationPlatforms) = preSolution
		Debug|Any CPU = Debug|Any CPU
		Release|Any CPU = Release|Any CPU
	EndGlobalSection
	GlobalSection(ProjectConfigurationPlatforms) = postSolution
		{F087BB7E-7782-48C0-9014-F39FB87690D0}.Debug|Any CPU.ActiveCfg = Debug|Any CPU
		{F087BB7E-7782-48C0-9014-F39FB87690D0}.Debug|Any CPU.Build.0 = Debug|Any CPU
		{F087BB7E-7782-48C0-9014-F39FB87690D0}.Release|Any CPU.ActiveCfg = Release|Any CPU
		{F087BB7E-7782-48C0-9014-F39FB87690D0}.Release|Any CPU.Build.0 = Release|Any CPU
	EndGlobalSection
	GlobalSection(SolutionProperties) = preSolution
		HideSolutionNode = FALSE
	EndGlobalSection
	GlobalSection(ExtensibilityGlobals) = postSolution
		SolutionGuid = {E9C6780F-6782-462F-B094-4B3BE19F9011}
	EndGlobalSection
EndGlobal
